// !$*UTF8*$!
{
	archiveVersion = 1;
	classes = {
	};
	objectVersion = 56;
	objects = {

/* Begin PBXFileReference section */
		B1DD64442B4170FF00F72D5E /* Variables.playground */ = {isa = PBXFileReference; lastKnownFileType = file.playground; path = Variables.playground; sourceTree = "<group>"; xcLanguageSpecificationIdentifier = xcode.lang.swift; };
		B1DD64452B417A9200F72D5E /* Operators.playground */ = {isa = PBXFileReference; lastKnownFileType = file.playground; path = Operators.playground; sourceTree = "<group>"; xcLanguageSpecificationIdentifier = xcode.lang.swift; };
		B1DD64462B417F0600F72D5E /* StringInterpolation.playground */ = {isa = PBXFileReference; lastKnownFileType = file.playground; path = StringInterpolation.playground; sourceTree = "<group>"; xcLanguageSpecificationIdentifier = xcode.lang.swift; };
		B1DD64472B4182DF00F72D5E /* ControlFlow.playground */ = {isa = PBXFileReference; lastKnownFileType = file.playground; path = ControlFlow.playground; sourceTree = "<group>"; xcLanguageSpecificationIdentifier = xcode.lang.swift; };
		B1DD64482B418A1C00F72D5E /* Arrays.playground */ = {isa = PBXFileReference; lastKnownFileType = file.playground; path = Arrays.playground; sourceTree = "<group>"; xcLanguageSpecificationIdentifier = xcode.lang.swift; };
/* End PBXFileReference section */

/* Begin PBXGroup section */
		B1DD643D2B4170DA00F72D5E = {
			isa = PBXGroup;
			children = (
				B1DD64482B418A1C00F72D5E /* Arrays.playground */,
				B1DD64472B4182DF00F72D5E /* ControlFlow.playground */,
				B1DD64462B417F0600F72D5E /* StringInterpolation.playground */,
				B1DD64452B417A9200F72D5E /* Operators.playground */,
				B1DD64442B4170FF00F72D5E /* Variables.playground */,
			);
			sourceTree = "<group>";
		};
/* End PBXGroup section */

/* Begin PBXProject section */
		B1DD643E2B4170DA00F72D5E /* Project object */ = {
			isa = PBXProject;
			attributes = {
				BuildIndependentTargetsInParallel = 1;
				LastUpgradeCheck = 1510;
			};
			buildConfigurationList = B1DD64412B4170DA00F72D5E /* Build configuration list for PBXProject "LearningSwift" */;
			compatibilityVersion = "Xcode 14.0";
			developmentRegion = en;
			hasScannedForEncodings = 0;
			knownRegions = (
				en,
				Base,
			);
			mainGroup = B1DD643D2B4170DA00F72D5E;
			projectDirPath = "";
			projectRoot = "";
			targets = (
			);
		};
/* End PBXProject section */

/* Begin XCBuildConfiguration section */
		B1DD64422B4170DA00F72D5E /* Debug */ = {
			isa = XCBuildConfiguration;
			buildSettings = {
			};
			name = Debug;
		};
		B1DD64432B4170DA00F72D5E /* Release */ = {
			isa = XCBuildConfiguration;
			buildSettings = {
			};
			name = Release;
		};
/* End XCBuildConfiguration section */

/* Begin XCConfigurationList section */
		B1DD64412B4170DA00F72D5E /* Build configuration list for PBXProject "LearningSwift" */ = {
			isa = XCConfigurationList;
			buildConfigurations = (
				B1DD64422B4170DA00F72D5E /* Debug */,
				B1DD64432B4170DA00F72D5E /* Release */,
			);
			defaultConfigurationIsVisible = 0;
			defaultConfigurationName = Release;
		};
/* End XCConfigurationList section */
	};
	rootObject = B1DD643E2B4170DA00F72D5E /* Project object */;
}
