// !$*UTF8*$!
{
	archiveVersion = 1;
	classes = {
	};
	objectVersion = 56;
	objects = {

/* Begin PBXFileReference section */
		B109C5CD2B5AD654008974CF /* Protocols.playground */ = {isa = PBXFileReference; lastKnownFileType = file.playground; path = Protocols.playground; sourceTree = "<group>"; xcLanguageSpecificationIdentifier = xcode.lang.swift; };
		B1361A802B7268D50005804B /* Sets.playground */ = {isa = PBXFileReference; lastKnownFileType = file.playground; path = Sets.playground; sourceTree = "<group>"; xcLanguageSpecificationIdentifier = xcode.lang.swift; };
		B1418D0B2B7F597900A15EA7 /* FilterSortMap.playground */ = {isa = PBXFileReference; lastKnownFileType = file.playground; path = FilterSortMap.playground; sourceTree = "<group>"; xcLanguageSpecificationIdentifier = xcode.lang.swift; };
		B1455BAE2B4C104900C04457 /* CodingExercise1.playground */ = {isa = PBXFileReference; lastKnownFileType = file.playground; path = CodingExercise1.playground; sourceTree = "<group>"; xcLanguageSpecificationIdentifier = xcode.lang.swift; };
		B14C204A2B4C69DF00FBA849 /* Patterns.playground */ = {isa = PBXFileReference; lastKnownFileType = file.playground; path = Patterns.playground; sourceTree = "<group>"; xcLanguageSpecificationIdentifier = xcode.lang.swift; };
		B14E7F172BA1FEAD00EC665C /* Errors.playground */ = {isa = PBXFileReference; lastKnownFileType = file.playground; path = Errors.playground; sourceTree = "<group>"; xcLanguageSpecificationIdentifier = xcode.lang.swift; };
		B15106EF2B49741000C7B24D /* Loops.playground */ = {isa = PBXFileReference; lastKnownFileType = file.playground; path = Loops.playground; sourceTree = "<group>"; xcLanguageSpecificationIdentifier = xcode.lang.swift; };
		B15106F02B49842600C7B24D /* Optionals.playground */ = {isa = PBXFileReference; lastKnownFileType = file.playground; path = Optionals.playground; sourceTree = "<group>"; xcLanguageSpecificationIdentifier = xcode.lang.swift; };
		B15814782B5AA39F0039916B /* Enums.playground */ = {isa = PBXFileReference; lastKnownFileType = file.playground; path = Enums.playground; sourceTree = "<group>"; xcLanguageSpecificationIdentifier = xcode.lang.swift; };
		B17502962B41F47200113CD5 /* Dictionaries.playground */ = {isa = PBXFileReference; lastKnownFileType = file.playground; path = Dictionaries.playground; sourceTree = "<group>"; xcLanguageSpecificationIdentifier = xcode.lang.swift; };
		B1AD5C1E2B7E38FB0017B92D /* Tuples.playground */ = {isa = PBXFileReference; lastKnownFileType = file.playground; path = Tuples.playground; sourceTree = "<group>"; xcLanguageSpecificationIdentifier = xcode.lang.swift; };
		B1CBA3CC2B7C9558000C270D /* Classes.playground */ = {isa = PBXFileReference; lastKnownFileType = file.playground; path = Classes.playground; sourceTree = "<group>"; xcLanguageSpecificationIdentifier = xcode.lang.swift; };
		B1DD64442B4170FF00F72D5E /* Variables.playground */ = {isa = PBXFileReference; lastKnownFileType = file.playground; path = Variables.playground; sourceTree = "<group>"; xcLanguageSpecificationIdentifier = xcode.lang.swift; };
		B1DD64452B417A9200F72D5E /* Operators.playground */ = {isa = PBXFileReference; lastKnownFileType = file.playground; path = Operators.playground; sourceTree = "<group>"; xcLanguageSpecificationIdentifier = xcode.lang.swift; };
		B1DD64472B4182DF00F72D5E /* ControlFlow.playground */ = {isa = PBXFileReference; lastKnownFileType = file.playground; path = ControlFlow.playground; sourceTree = "<group>"; xcLanguageSpecificationIdentifier = xcode.lang.swift; };
		B1DD64482B418A1C00F72D5E /* Arrays.playground */ = {isa = PBXFileReference; lastKnownFileType = file.playground; path = Arrays.playground; sourceTree = "<group>"; xcLanguageSpecificationIdentifier = xcode.lang.swift; };
		B1E27BF22B4C1E3600565FD0 /* Practice.playground */ = {isa = PBXFileReference; lastKnownFileType = file.playground; path = Practice.playground; sourceTree = "<group>"; xcLanguageSpecificationIdentifier = xcode.lang.swift; };
		B1E609522B48285D0076517A /* Closures.playground */ = {isa = PBXFileReference; lastKnownFileType = file.playground; path = Closures.playground; sourceTree = "<group>"; xcLanguageSpecificationIdentifier = xcode.lang.swift; };
		B1E609532B482E8C0076517A /* Structures.playground */ = {isa = PBXFileReference; lastKnownFileType = file.playground; path = Structures.playground; sourceTree = "<group>"; xcLanguageSpecificationIdentifier = xcode.lang.swift; };
/* End PBXFileReference section */

/* Begin PBXGroup section */
		B1DD643D2B4170DA00F72D5E = {
			isa = PBXGroup;
			children = (
				B14E7F172BA1FEAD00EC665C /* Errors.playground */,
				B1418D0B2B7F597900A15EA7 /* FilterSortMap.playground */,
				B1AD5C1E2B7E38FB0017B92D /* Tuples.playground */,
				B1CBA3CC2B7C9558000C270D /* Classes.playground */,
				B1361A802B7268D50005804B /* Sets.playground */,
				B109C5CD2B5AD654008974CF /* Protocols.playground */,
				B15814782B5AA39F0039916B /* Enums.playground */,
				B14C204A2B4C69DF00FBA849 /* Patterns.playground */,
				B1E27BF22B4C1E3600565FD0 /* Practice.playground */,
				B1455BAE2B4C104900C04457 /* CodingExercise1.playground */,
				B15106F02B49842600C7B24D /* Optionals.playground */,
				B15106EF2B49741000C7B24D /* Loops.playground */,
				B1E609532B482E8C0076517A /* Structures.playground */,
				B1E609522B48285D0076517A /* Closures.playground */,
				B17502962B41F47200113CD5 /* Dictionaries.playground */,
				B1DD64482B418A1C00F72D5E /* Arrays.playground */,
				B1DD64472B4182DF00F72D5E /* ControlFlow.playground */,
				B1DD64452B417A9200F72D5E /* Operators.playground */,
				B1DD64442B4170FF00F72D5E /* Variables.playground */,
			);
			sourceTree = "<group>";
		};
/* End PBXGroup section */

/* Begin PBXProject section */
		B1DD643E2B4170DA00F72D5E /* Project object */ = {
			isa = PBXProject;
			attributes = {
				BuildIndependentTargetsInParallel = 1;
				LastUpgradeCheck = 1530;
			};
			buildConfigurationList = B1DD64412B4170DA00F72D5E /* Build configuration list for PBXProject "LearningSwift" */;
			compatibilityVersion = "Xcode 14.0";
			developmentRegion = en;
			hasScannedForEncodings = 0;
			knownRegions = (
				en,
				Base,
			);
			mainGroup = B1DD643D2B4170DA00F72D5E;
			projectDirPath = "";
			projectRoot = "";
			targets = (
			);
		};
/* End PBXProject section */

/* Begin XCBuildConfiguration section */
		B1DD64422B4170DA00F72D5E /* Debug */ = {
			isa = XCBuildConfiguration;
			buildSettings = {
				ASSETCATALOG_COMPILER_GENERATE_SWIFT_ASSET_SYMBOL_EXTENSIONS = YES;
				CLANG_WARN_BLOCK_CAPTURE_AUTORELEASING = YES;
				CLANG_WARN_BOOL_CONVERSION = YES;
				CLANG_WARN_COMMA = YES;
				CLANG_WARN_CONSTANT_CONVERSION = YES;
				CLANG_WARN_DEPRECATED_OBJC_IMPLEMENTATIONS = YES;
				CLANG_WARN_EMPTY_BODY = YES;
				CLANG_WARN_ENUM_CONVERSION = YES;
				CLANG_WARN_INFINITE_RECURSION = YES;
				CLANG_WARN_INT_CONVERSION = YES;
				CLANG_WARN_NON_LITERAL_NULL_CONVERSION = YES;
				CLANG_WARN_OBJC_IMPLICIT_RETAIN_SELF = YES;
				CLANG_WARN_OBJC_LITERAL_CONVERSION = YES;
				CLANG_WARN_QUOTED_INCLUDE_IN_FRAMEWORK_HEADER = YES;
				CLANG_WARN_RANGE_LOOP_ANALYSIS = YES;
				CLANG_WARN_STRICT_PROTOTYPES = YES;
				CLANG_WARN_SUSPICIOUS_MOVE = YES;
				CLANG_WARN_UNREACHABLE_CODE = YES;
				CLANG_WARN__DUPLICATE_METHOD_MATCH = YES;
				DEAD_CODE_STRIPPING = YES;
				ENABLE_STRICT_OBJC_MSGSEND = YES;
				ENABLE_TESTABILITY = YES;
				ENABLE_USER_SCRIPT_SANDBOXING = YES;
				GCC_NO_COMMON_BLOCKS = YES;
				GCC_WARN_64_TO_32_BIT_CONVERSION = YES;
				GCC_WARN_ABOUT_RETURN_TYPE = YES;
				GCC_WARN_UNDECLARED_SELECTOR = YES;
				GCC_WARN_UNINITIALIZED_AUTOS = YES;
				GCC_WARN_UNUSED_FUNCTION = YES;
				GCC_WARN_UNUSED_VARIABLE = YES;
				ONLY_ACTIVE_ARCH = YES;
			};
			name = Debug;
		};
		B1DD64432B4170DA00F72D5E /* Release */ = {
			isa = XCBuildConfiguration;
			buildSettings = {
				ASSETCATALOG_COMPILER_GENERATE_SWIFT_ASSET_SYMBOL_EXTENSIONS = YES;
				CLANG_WARN_BLOCK_CAPTURE_AUTORELEASING = YES;
				CLANG_WARN_BOOL_CONVERSION = YES;
				CLANG_WARN_COMMA = YES;
				CLANG_WARN_CONSTANT_CONVERSION = YES;
				CLANG_WARN_DEPRECATED_OBJC_IMPLEMENTATIONS = YES;
				CLANG_WARN_EMPTY_BODY = YES;
				CLANG_WARN_ENUM_CONVERSION = YES;
				CLANG_WARN_INFINITE_RECURSION = YES;
				CLANG_WARN_INT_CONVERSION = YES;
				CLANG_WARN_NON_LITERAL_NULL_CONVERSION = YES;
				CLANG_WARN_OBJC_IMPLICIT_RETAIN_SELF = YES;
				CLANG_WARN_OBJC_LITERAL_CONVERSION = YES;
				CLANG_WARN_QUOTED_INCLUDE_IN_FRAMEWORK_HEADER = YES;
				CLANG_WARN_RANGE_LOOP_ANALYSIS = YES;
				CLANG_WARN_STRICT_PROTOTYPES = YES;
				CLANG_WARN_SUSPICIOUS_MOVE = YES;
				CLANG_WARN_UNREACHABLE_CODE = YES;
				CLANG_WARN__DUPLICATE_METHOD_MATCH = YES;
				DEAD_CODE_STRIPPING = YES;
				ENABLE_STRICT_OBJC_MSGSEND = YES;
				ENABLE_USER_SCRIPT_SANDBOXING = YES;
				GCC_NO_COMMON_BLOCKS = YES;
				GCC_WARN_64_TO_32_BIT_CONVERSION = YES;
				GCC_WARN_ABOUT_RETURN_TYPE = YES;
				GCC_WARN_UNDECLARED_SELECTOR = YES;
				GCC_WARN_UNINITIALIZED_AUTOS = YES;
				GCC_WARN_UNUSED_FUNCTION = YES;
				GCC_WARN_UNUSED_VARIABLE = YES;
			};
			name = Release;
		};
/* End XCBuildConfiguration section */

/* Begin XCConfigurationList section */
		B1DD64412B4170DA00F72D5E /* Build configuration list for PBXProject "LearningSwift" */ = {
			isa = XCConfigurationList;
			buildConfigurations = (
				B1DD64422B4170DA00F72D5E /* Debug */,
				B1DD64432B4170DA00F72D5E /* Release */,
			);
			defaultConfigurationIsVisible = 0;
			defaultConfigurationName = Release;
		};
/* End XCConfigurationList section */
	};
	rootObject = B1DD643E2B4170DA00F72D5E /* Project object */;
}
